{
  "version": 4,
  "terraform_version": "1.14.5",
  "serial": 200,
  "lineage": "6ab1eabf-d600-cd56-2ff6-d733ae4788d7",
  "outputs": {
    "bucket_name": {
      "value": "ai-bigdata-nyc-tlc",
      "type": "string"
    },
    "emr_application_id": {
      "value": "00g3u3hvpi72qn31",
      "type": "string"
    },
    "step_function_arn": {
      "value": "arn:aws:states:sa-east-1:513879595067:stateMachine:ai-bigdata-orchestrator",
      "type": "string"
    }
  },
  "resources": [
    {
      "mode": "data",
      "type": "archive_file",
      "name": "lambda_zip",
      "provider": "provider[\"registry.terraform.io/hashicorp/archive\"]",
      "instances": [
        {
          "schema_version": 0,
          "attributes": {
            "exclude_symlink_directories": null,
            "excludes": null,
            "id": "032617c99ee03f8d1d9896d804ae105ded16e0ec",
            "output_base64sha256": "PI3uZ8ULWo7rCG4jl9Y9i16RfF4nSbHReldIfY4RSGc=",
            "output_base64sha512": "0BXMht8j5COHXPIvQsdLOt9DwclzcdfdGZxWVNKdp/XFy6t/D9iwn4CWB8C7KrpPI9xU8O0fNihhVq8VwFhCXA==",
            "output_file_mode": null,
            "output_md5": "3c70ae4a1e15fc9f6345c96715dc37a7",
            "output_path": "./lambda.zip",
            "output_sha": "032617c99ee03f8d1d9896d804ae105ded16e0ec",
            "output_sha256": "3c8dee67c50b5a8eeb086e2397d63d8b5e917c5e2749b1d17a57487d8e114867",
            "output_sha512": "d015cc86df23e423875cf22f42c74b3adf43c1c97371d7dd199c5654d29da7f5c5cbab7f0fd8b09f809607c0bb2aba4f23dc54f0ed1f36286156af15c058425c",
            "output_size": 981,
            "source": [],
            "source_content": null,
            "source_content_filename": null,
            "source_dir": "./../lambda",
            "source_file": null,
            "type": "zip"
          },
          "sensitive_attributes": [],
          "identity_schema_version": 0
        }
      ]
    },
    {
      "mode": "managed",
      "type": "aws_cloudwatch_event_rule",
      "name": "daily_pipeline",
      "provider": "provider[\"registry.terraform.io/hashicorp/aws\"]",
      "instances": [
        {
          "schema_version": 1,
          "attributes": {
            "arn": "arn:aws:events:sa-east-1:513879595067:rule/ai-bigdata-daily-trigger",
            "description": "Trigger Step Function daily",
            "event_bus_name": "default",
            "event_pattern": null,
            "force_destroy": false,
            "id": "ai-bigdata-daily-trigger",
            "is_enabled": true,
            "name": "ai-bigdata-daily-trigger",
            "name_prefix": "",
            "role_arn": "",
            "schedule_expression": "cron(0 16 * * ? *)",
            "state": "ENABLED",
            "tags": {
              "Project": "ai-bigdata"
            },
            "tags_all": {
              "Project": "ai-bigdata"
            }
          },
          "sensitive_attributes": [],
          "identity_schema_version": 0,
          "private": "eyJzY2hlbWFfdmVyc2lvbiI6IjEifQ=="
        }
      ]
    },
    {
      "mode": "managed",
      "type": "aws_cloudwatch_event_target",
      "name": "stepfn_target",
      "provider": "provider[\"registry.terraform.io/hashicorp/aws\"]",
      "instances": [
        {
          "schema_version": 1,
          "attributes": {
            "appsync_target": [],
            "arn": "arn:aws:states:sa-east-1:513879595067:stateMachine:ai-bigdata-orchestrator",
            "batch_target": [],
            "dead_letter_config": [],
            "ecs_target": [],
            "event_bus_name": "default",
            "force_destroy": false,
            "http_target": [],
            "id": "ai-bigdata-daily-trigger-terraform-20260306011539800600000006",
            "input": "{\"trigger\":\"scheduled\"}",
            "input_path": "",
            "input_transformer": [],
            "kinesis_target": [],
            "redshift_target": [],
            "retry_policy": [],
            "role_arn": "arn:aws:iam::513879595067:role/ai-bigdata-eventbridge-role",
            "rule": "ai-bigdata-daily-trigger",
            "run_command_targets": [],
            "sagemaker_pipeline_target": [],
            "sqs_target": [],
            "target_id": "terraform-20260306011539800600000006"
          },
          "sensitive_attributes": [],
          "identity_schema_version": 0,
          "private": "eyJzY2hlbWFfdmVyc2lvbiI6IjEifQ==",
          "dependencies": [
            "aws_cloudwatch_event_rule.daily_pipeline",
            "aws_emrserverless_application.spark_app",
            "aws_iam_policy.eventbridge_policy",
            "aws_iam_policy.stepfn_policy",
            "aws_iam_role.emr_serverless_role",
            "aws_iam_role.eventbridge_role",
            "aws_iam_role.lambda_role",
            "aws_iam_role.stepfn_role",
            "aws_iam_role_policy_attachment.eventbridge_attach",
            "aws_iam_role_policy_attachment.stepfn_attach",
            "aws_lambda_function.data_ingestion",
            "aws_s3_bucket.data_lake",
            "aws_sfn_state_machine.orchestrator",
            "data.archive_file.lambda_zip"
          ]
        }
      ]
    },
    {
      "mode": "managed",
      "type": "aws_cloudwatch_log_group",
      "name": "stepfn_logs",
      "provider": "provider[\"registry.terraform.io/hashicorp/aws\"]",
      "instances": [
        {
          "schema_version": 0,
          "attributes": {
            "arn": "arn:aws:logs:sa-east-1:513879595067:log-group:/aws/stepfunctions/ai-bigdata-orchestrator",
            "id": "/aws/stepfunctions/ai-bigdata-orchestrator",
            "kms_key_id": "",
            "log_group_class": "STANDARD",
            "name": "/aws/stepfunctions/ai-bigdata-orchestrator",
            "name_prefix": "",
            "retention_in_days": 7,
            "skip_destroy": false,
            "tags": null,
            "tags_all": {}
          },
          "sensitive_attributes": [],
          "identity_schema_version": 0,
          "private": "bnVsbA=="
        }
      ]
    },
    {
      "mode": "managed",
      "type": "aws_emrserverless_application",
      "name": "spark_app",
      "provider": "provider[\"registry.terraform.io/hashicorp/aws\"]",
      "instances": [
        {
          "schema_version": 0,
          "attributes": {
            "architecture": "X86_64",
            "arn": "arn:aws:emr-serverless:sa-east-1:513879595067:/applications/00g3u3hvpi72qn31",
            "auto_start_configuration": [
              {
                "enabled": true
              }
            ],
            "auto_stop_configuration": [
              {
                "enabled": true,
                "idle_timeout_minutes": 5
              }
            ],
            "id": "00g3u3hvpi72qn31",
            "image_configuration": [],
            "initial_capacity": [
              {
                "initial_capacity_config": [
                  {
                    "worker_configuration": [
                      {
                        "cpu": "2 vCPU",
                        "disk": "20 GB",
                        "memory": "4 GB"
                      }
                    ],
                    "worker_count": 1
                  }
                ],
                "initial_capacity_type": "Driver"
              },
              {
                "initial_capacity_config": [
                  {
                    "worker_configuration": [
                      {
                        "cpu": "4 vCPU",
                        "disk": "20 GB",
                        "memory": "8 GB"
                      }
                    ],
                    "worker_count": 2
                  }
                ],
                "initial_capacity_type": "Executor"
              }
            ],
            "interactive_configuration": [
              {
                "livy_endpoint_enabled": null,
                "studio_enabled": null
              }
            ],
            "maximum_capacity": [
              {
                "cpu": "32 vCPU",
                "disk": "400000 GB",
                "memory": "128 GB"
              }
            ],
            "name": "ai-bigdata-spark-app",
            "network_configuration": [
              {
                "security_group_ids": null,
                "subnet_ids": null
              }
            ],
            "release_label": "emr-6.12.0",
            "tags": null,
            "tags_all": {},
            "type": "spark"
          },
          "sensitive_attributes": [],
          "identity_schema_version": 0,
          "private": "bnVsbA=="
        }
      ]
    },
    {
      "mode": "managed",
      "type": "aws_iam_policy",
      "name": "emr_serverless_policy",
      "provider": "provider[\"registry.terraform.io/hashicorp/aws\"]",
      "instances": [
        {
          "schema_version": 0,
          "attributes": {
            "arn": "arn:aws:iam::513879595067:policy/ai-bigdata-emr-serverless-policy",
            "attachment_count": 0,
            "description": "",
            "id": "arn:aws:iam::513879595067:policy/ai-bigdata-emr-serverless-policy",
            "name": "ai-bigdata-emr-serverless-policy",
            "name_prefix": "",
            "path": "/",
            "policy": "{\"Statement\":[{\"Action\":[\"s3:GetObject\",\"s3:ListBucket\",\"s3:GetBucketLocation\"],\"Effect\":\"Allow\",\"Resource\":[\"arn:aws:s3:::ai-bigdata-nyc-tlc\",\"arn:aws:s3:::ai-bigdata-nyc-tlc/*\"]},{\"Action\":[\"s3:PutObject\",\"s3:AbortMultipartUpload\",\"s3:ListMultipartUploadParts\"],\"Effect\":\"Allow\",\"Resource\":[\"arn:aws:s3:::ai-bigdata-nyc-tlc/curated/*\"]},{\"Action\":[\"s3:PutObject\"],\"Effect\":\"Allow\",\"Resource\":[\"arn:aws:s3:::ai-bigdata-nyc-tlc/logs/*\"]},{\"Action\":[\"logs:CreateLogGroup\",\"logs:CreateLogStream\",\"logs:PutLogEvents\",\"logs:DescribeLogStreams\"],\"Effect\":\"Allow\",\"Resource\":\"*\"}],\"Version\":\"2012-10-17\"}",
            "policy_id": "ANPAXPJM4LA5W754LW7L2",
            "tags": null,
            "tags_all": {}
          },
          "sensitive_attributes": [],
          "identity_schema_version": 0,
          "private": "bnVsbA=="
        }
      ]
    },
    {
      "mode": "managed",
      "type": "aws_iam_policy",
      "name": "eventbridge_policy",
      "provider": "provider[\"registry.terraform.io/hashicorp/aws\"]",
      "instances": [
        {
          "schema_version": 0,
          "attributes": {
            "arn": "arn:aws:iam::513879595067:policy/ai-bigdata-eventbridge-policy",
            "attachment_count": 0,
            "description": "",
            "id": "arn:aws:iam::513879595067:policy/ai-bigdata-eventbridge-policy",
            "name": "ai-bigdata-eventbridge-policy",
            "name_prefix": "",
            "path": "/",
            "policy": "{\"Statement\":[{\"Action\":[\"states:StartExecution\"],\"Effect\":\"Allow\",\"Resource\":\"arn:aws:states:sa-east-1:513879595067:stateMachine:ai-bigdata-orchestrator\"}],\"Version\":\"2012-10-17\"}",
            "policy_id": "ANPAXPJM4LA56OE56CH7W",
            "tags": null,
            "tags_all": {}
          },
          "sensitive_attributes": [],
          "identity_schema_version": 0,
          "private": "bnVsbA==",
          "dependencies": [
            "aws_emrserverless_application.spark_app",
            "aws_iam_policy.stepfn_policy",
            "aws_iam_role.emr_serverless_role",
            "aws_iam_role.lambda_role",
            "aws_iam_role.stepfn_role",
            "aws_iam_role_policy_attachment.stepfn_attach",
            "aws_lambda_function.data_ingestion",
            "aws_s3_bucket.data_lake",
            "aws_sfn_state_machine.orchestrator",
            "data.archive_file.lambda_zip"
          ]
        }
      ]
    },
    {
      "mode": "managed",
      "type": "aws_iam_policy",
      "name": "lambda_policy",
      "provider": "provider[\"registry.terraform.io/hashicorp/aws\"]",
      "instances": [
        {
          "schema_version": 0,
          "attributes": {
            "arn": "arn:aws:iam::513879595067:policy/ai-bigdata-lambda-policy",
            "attachment_count": 0,
            "description": "",
            "id": "arn:aws:iam::513879595067:policy/ai-bigdata-lambda-policy",
            "name": "ai-bigdata-lambda-policy",
            "name_prefix": "",
            "path": "/",
            "policy": "{\"Statement\":[{\"Action\":[\"s3:PutObject\",\"s3:GetObject\"],\"Effect\":\"Allow\",\"Resource\":[\"arn:aws:s3:::ai-bigdata-nyc-tlc/*\"]},{\"Action\":[\"logs:CreateLogGroup\",\"logs:CreateLogStream\",\"logs:PutLogEvents\"],\"Effect\":\"Allow\",\"Resource\":\"*\"}],\"Version\":\"2012-10-17\"}",
            "policy_id": "ANPAXPJM4LA55UH56AZYE",
            "tags": null,
            "tags_all": {}
          },
          "sensitive_attributes": [],
          "identity_schema_version": 0,
          "private": "bnVsbA=="
        }
      ]
    },
    {
      "mode": "managed",
      "type": "aws_iam_policy",
      "name": "stepfn_policy",
      "provider": "provider[\"registry.terraform.io/hashicorp/aws\"]",
      "instances": [
        {
          "schema_version": 0,
          "attributes": {
            "arn": "arn:aws:iam::513879595067:policy/ai-bigdata-stepfn-policy",
            "attachment_count": 0,
            "description": "",
            "id": "arn:aws:iam::513879595067:policy/ai-bigdata-stepfn-policy",
            "name": "ai-bigdata-stepfn-policy",
            "name_prefix": "",
            "path": "/",
            "policy": "{\"Statement\":[{\"Action\":[\"lambda:InvokeFunction\",\"lambda:InvokeFunctionUrl\"],\"Effect\":\"Allow\",\"Resource\":\"arn:aws:lambda:sa-east-1:513879595067:function:ai-bigdata-raw-ingestion\"},{\"Action\":[\"xray:PutTraceSegments\",\"xray:PutTelemetryRecords\",\"xray:GetSamplingRules\",\"xray:GetSamplingTargets\"],\"Effect\":\"Allow\",\"Resource\":\"*\"},{\"Action\":[\"emr-serverless:StartJobRun\",\"emr-serverless:GetJobRun\",\"emr-serverless:CancelJobRun\",\"emr-serverless:DescribeJobRun\"],\"Effect\":\"Allow\",\"Resource\":\"*\"},{\"Action\":[\"iam:PassRole\"],\"Effect\":\"Allow\",\"Resource\":\"*\"},{\"Action\":[\"logs:CreateLogDelivery\",\"logs:GetLogDelivery\",\"logs:UpdateLogDelivery\",\"logs:DeleteLogDelivery\",\"logs:ListLogDeliveries\",\"logs:PutResourcePolicy\",\"logs:DescribeResourcePolicies\",\"logs:CreateLogStream\",\"logs:PutLogEvents\",\"xray:PutTraceSegments\",\"xray:PutTelemetryRecords\",\"xray:GetSamplingRules\",\"xray:GetSamplingTargets\",\"iam:PassRole\"],\"Effect\":\"Allow\",\"Resource\":\"*\"},{\"Action\":[\"events:PutRule\",\"events:PutTargets\",\"events:DeleteRule\",\"events:RemoveTargets\"],\"Effect\":\"Allow\",\"Resource\":\"*\"}],\"Version\":\"2012-10-17\"}",
            "policy_id": "ANPAXPJM4LA5YJSLXNFSQ",
            "tags": null,
            "tags_all": {}
          },
          "sensitive_attributes": [],
          "identity_schema_version": 0,
          "private": "bnVsbA==",
          "dependencies": [
            "aws_iam_role.lambda_role",
            "aws_lambda_function.data_ingestion",
            "aws_s3_bucket.data_lake",
            "data.archive_file.lambda_zip"
          ]
        }
      ]
    },
    {
      "mode": "managed",
      "type": "aws_iam_role",
      "name": "emr_serverless_role",
      "provider": "provider[\"registry.terraform.io/hashicorp/aws\"]",
      "instances": [
        {
          "schema_version": 0,
          "attributes": {
            "arn": "arn:aws:iam::513879595067:role/ai-bigdata-emr-serverless-role",
            "assume_role_policy": "{\"Statement\":[{\"Action\":\"sts:AssumeRole\",\"Effect\":\"Allow\",\"Principal\":{\"Service\":\"emr-serverless.amazonaws.com\"}}],\"Version\":\"2012-10-17\"}",
            "create_date": "2026-03-06T01:15:04Z",
            "description": "",
            "force_detach_policies": false,
            "id": "ai-bigdata-emr-serverless-role",
            "inline_policy": [],
            "managed_policy_arns": [],
            "max_session_duration": 3600,
            "name": "ai-bigdata-emr-serverless-role",
            "name_prefix": "",
            "path": "/",
            "permissions_boundary": "",
            "tags": null,
            "tags_all": {},
            "unique_id": "AROAXPJM4LA5QA2VCAF6O"
          },
          "sensitive_attributes": [],
          "identity_schema_version": 0,
          "private": "bnVsbA=="
        }
      ]
    },
    {
      "mode": "managed",
      "type": "aws_iam_role",
      "name": "eventbridge_role",
      "provider": "provider[\"registry.terraform.io/hashicorp/aws\"]",
      "instances": [
        {
          "schema_version": 0,
          "attributes": {
            "arn": "arn:aws:iam::513879595067:role/ai-bigdata-eventbridge-role",
            "assume_role_policy": "{\"Statement\":[{\"Action\":\"sts:AssumeRole\",\"Effect\":\"Allow\",\"Principal\":{\"Service\":\"events.amazonaws.com\"}}],\"Version\":\"2012-10-17\"}",
            "create_date": "2026-03-06T01:15:04Z",
            "description": "",
            "force_detach_policies": false,
            "id": "ai-bigdata-eventbridge-role",
            "inline_policy": [],
            "managed_policy_arns": [],
            "max_session_duration": 3600,
            "name": "ai-bigdata-eventbridge-role",
            "name_prefix": "",
            "path": "/",
            "permissions_boundary": "",
            "tags": null,
            "tags_all": {},
            "unique_id": "AROAXPJM4LA56HHLRSKP4"
          },
          "sensitive_attributes": [],
          "identity_schema_version": 0,
          "private": "bnVsbA=="
        }
      ]
    },
    {
      "mode": "managed",
      "type": "aws_iam_role",
      "name": "lambda_role",
      "provider": "provider[\"registry.terraform.io/hashicorp/aws\"]",
      "instances": [
        {
          "schema_version": 0,
          "attributes": {
            "arn": "arn:aws:iam::513879595067:role/ai-bigdata-lambda-role",
            "assume_role_policy": "{\"Statement\":[{\"Action\":\"sts:AssumeRole\",\"Effect\":\"Allow\",\"Principal\":{\"Service\":\"lambda.amazonaws.com\"}}],\"Version\":\"2012-10-17\"}",
            "create_date": "2026-03-06T01:15:04Z",
            "description": "",
            "force_detach_policies": false,
            "id": "ai-bigdata-lambda-role",
            "inline_policy": [],
            "managed_policy_arns": [],
            "max_session_duration": 3600,
            "name": "ai-bigdata-lambda-role",
            "name_prefix": "",
            "path": "/",
            "permissions_boundary": "",
            "tags": null,
            "tags_all": {},
            "unique_id": "AROAXPJM4LA5RW6RWNWX5"
          },
          "sensitive_attributes": [],
          "identity_schema_version": 0,
          "private": "bnVsbA=="
        }
      ]
    },
    {
      "mode": "managed",
      "type": "aws_iam_role",
      "name": "stepfn_role",
      "provider": "provider[\"registry.terraform.io/hashicorp/aws\"]",
      "instances": [
        {
          "schema_version": 0,
          "attributes": {
            "arn": "arn:aws:iam::513879595067:role/ai-bigdata-stepfn-role",
            "assume_role_policy": "{\"Statement\":[{\"Action\":\"sts:AssumeRole\",\"Effect\":\"Allow\",\"Principal\":{\"Service\":\"states.amazonaws.com\"}}],\"Version\":\"2012-10-17\"}",
            "create_date": "2026-03-06T01:15:04Z",
            "description": "",
            "force_detach_policies": false,
            "id": "ai-bigdata-stepfn-role",
            "inline_policy": [],
            "managed_policy_arns": [],
            "max_session_duration": 3600,
            "name": "ai-bigdata-stepfn-role",
            "name_prefix": "",
            "path": "/",
            "permissions_boundary": "",
            "tags": null,
            "tags_all": {},
            "unique_id": "AROAXPJM4LA5YZ4KWHWZJ"
          },
          "sensitive_attributes": [],
          "identity_schema_version": 0,
          "private": "bnVsbA=="
        }
      ]
    },
    {
      "mode": "managed",
      "type": "aws_iam_role_policy_attachment",
      "name": "emr_serverless_attach",
      "provider": "provider[\"registry.terraform.io/hashicorp/aws\"]",
      "instances": [
        {
          "schema_version": 0,
          "attributes": {
            "id": "ai-bigdata-emr-serverless-role-20260306011505828200000003",
            "policy_arn": "arn:aws:iam::513879595067:policy/ai-bigdata-emr-serverless-policy",
            "role": "ai-bigdata-emr-serverless-role"
          },
          "sensitive_attributes": [],
          "identity_schema_version": 0,
          "private": "bnVsbA==",
          "dependencies": [
            "aws_iam_policy.emr_serverless_policy",
            "aws_iam_role.emr_serverless_role"
          ]
        }
      ]
    },
    {
      "mode": "managed",
      "type": "aws_iam_role_policy_attachment",
      "name": "eventbridge_attach",
      "provider": "provider[\"registry.terraform.io/hashicorp/aws\"]",
      "instances": [
        {
          "schema_version": 0,
          "attributes": {
            "id": "ai-bigdata-eventbridge-role-20260306011539616200000005",
            "policy_arn": "arn:aws:iam::513879595067:policy/ai-bigdata-eventbridge-policy",
            "role": "ai-bigdata-eventbridge-role"
          },
          "sensitive_attributes": [],
          "identity_schema_version": 0,
          "private": "bnVsbA==",
          "dependencies": [
            "aws_emrserverless_application.spark_app",
            "aws_iam_policy.eventbridge_policy",
            "aws_iam_policy.stepfn_policy",
            "aws_iam_role.emr_serverless_role",
            "aws_iam_role.eventbridge_role",
            "aws_iam_role.lambda_role",
            "aws_iam_role.stepfn_role",
            "aws_iam_role_policy_attachment.stepfn_attach",
            "aws_lambda_function.data_ingestion",
            "aws_s3_bucket.data_lake",
            "aws_sfn_state_machine.orchestrator",
            "data.archive_file.lambda_zip"
          ]
        }
      ]
    },
    {
      "mode": "managed",
      "type": "aws_iam_role_policy_attachment",
      "name": "lambda_attach",
      "provider": "provider[\"registry.terraform.io/hashicorp/aws\"]",
      "instances": [
        {
          "schema_version": 0,
          "attributes": {
            "id": "ai-bigdata-lambda-role-20260306011505814400000002",
            "policy_arn": "arn:aws:iam::513879595067:policy/ai-bigdata-lambda-policy",
            "role": "ai-bigdata-lambda-role"
          },
          "sensitive_attributes": [],
          "identity_schema_version": 0,
          "private": "bnVsbA==",
          "dependencies": [
            "aws_iam_policy.lambda_policy",
            "aws_iam_role.lambda_role"
          ]
        }
      ]
    },
    {
      "mode": "managed",
      "type": "aws_iam_role_policy_attachment",
      "name": "stepfn_attach",
      "provider": "provider[\"registry.terraform.io/hashicorp/aws\"]",
      "instances": [
        {
          "schema_version": 0,
          "attributes": {
            "id": "ai-bigdata-stepfn-role-20260306011528809300000004",
            "policy_arn": "arn:aws:iam::513879595067:policy/ai-bigdata-stepfn-policy",
            "role": "ai-bigdata-stepfn-role"
          },
          "sensitive_attributes": [],
          "identity_schema_version": 0,
          "private": "bnVsbA==",
          "dependencies": [
            "aws_iam_policy.stepfn_policy",
            "aws_iam_role.lambda_role",
            "aws_iam_role.stepfn_role",
            "aws_lambda_function.data_ingestion",
            "aws_s3_bucket.data_lake",
            "data.archive_file.lambda_zip"
          ]
        }
      ]
    },
    {
      "mode": "managed",
      "type": "aws_lambda_function",
      "name": "data_ingestion",
      "provider": "provider[\"registry.terraform.io/hashicorp/aws\"]",
      "instances": [
        {
          "schema_version": 0,
          "attributes": {
            "architectures": [
              "x86_64"
            ],
            "arn": "arn:aws:lambda:sa-east-1:513879595067:function:ai-bigdata-raw-ingestion",
            "code_sha256": "PI3uZ8ULWo7rCG4jl9Y9i16RfF4nSbHReldIfY4RSGc=",
            "code_signing_config_arn": "",
            "dead_letter_config": [],
            "description": "",
            "environment": [
              {
                "variables": {
                  "BUCKET_NAME": "ai-bigdata-nyc-tlc"
                }
              }
            ],
            "ephemeral_storage": [
              {
                "size": 512
              }
            ],
            "file_system_config": [],
            "filename": "./lambda.zip",
            "function_name": "ai-bigdata-raw-ingestion",
            "handler": "handler.lambda_handler",
            "id": "ai-bigdata-raw-ingestion",
            "image_config": [],
            "image_uri": "",
            "invoke_arn": "arn:aws:apigateway:sa-east-1:lambda:path/2015-03-31/functions/arn:aws:lambda:sa-east-1:513879595067:function:ai-bigdata-raw-ingestion/invocations",
            "kms_key_arn": "",
            "last_modified": "2026-03-06T01:15:22.321+0000",
            "layers": null,
            "logging_config": [
              {
                "application_log_level": "",
                "log_format": "Text",
                "log_group": "/aws/lambda/ai-bigdata-raw-ingestion",
                "system_log_level": ""
              }
            ],
            "memory_size": 512,
            "package_type": "Zip",
            "publish": false,
            "qualified_arn": "arn:aws:lambda:sa-east-1:513879595067:function:ai-bigdata-raw-ingestion:$LATEST",
            "qualified_invoke_arn": "arn:aws:apigateway:sa-east-1:lambda:path/2015-03-31/functions/arn:aws:lambda:sa-east-1:513879595067:function:ai-bigdata-raw-ingestion:$LATEST/invocations",
            "replace_security_groups_on_destroy": null,
            "replacement_security_group_ids": null,
            "reserved_concurrent_executions": -1,
            "role": "arn:aws:iam::513879595067:role/ai-bigdata-lambda-role",
            "runtime": "python3.11",
            "s3_bucket": null,
            "s3_key": null,
            "s3_object_version": null,
            "signing_job_arn": "",
            "signing_profile_version_arn": "",
            "skip_destroy": false,
            "snap_start": [],
            "source_code_hash": "PI3uZ8ULWo7rCG4jl9Y9i16RfF4nSbHReldIfY4RSGc=",
            "source_code_size": 981,
            "tags": null,
            "tags_all": {},
            "timeout": 420,
            "timeouts": null,
            "tracing_config": [
              {
                "mode": "PassThrough"
              }
            ],
            "version": "$LATEST",
            "vpc_config": []
          },
          "sensitive_attributes": [],
          "identity_schema_version": 0,
          "private": "eyJlMmJmYjczMC1lY2FhLTExZTYtOGY4OC0zNDM2M2JjN2M0YzAiOnsiY3JlYXRlIjo2MDAwMDAwMDAwMDAsImRlbGV0ZSI6NjAwMDAwMDAwMDAwLCJ1cGRhdGUiOjYwMDAwMDAwMDAwMH19",
          "dependencies": [
            "aws_iam_role.lambda_role",
            "aws_s3_bucket.data_lake",
            "data.archive_file.lambda_zip"
          ]
        }
      ]
    },
    {
      "mode": "managed",
      "type": "aws_s3_bucket",
      "name": "data_lake",
      "provider": "provider[\"registry.terraform.io/hashicorp/aws\"]",
      "instances": [
        {
          "schema_version": 0,
          "attributes": {
            "acceleration_status": "",
            "acl": null,
            "arn": "arn:aws:s3:::ai-bigdata-nyc-tlc",
            "bucket": "ai-bigdata-nyc-tlc",
            "bucket_domain_name": "ai-bigdata-nyc-tlc.s3.amazonaws.com",
            "bucket_prefix": "",
            "bucket_regional_domain_name": "ai-bigdata-nyc-tlc.s3.sa-east-1.amazonaws.com",
            "cors_rule": [],
            "force_destroy": true,
            "grant": [
              {
                "id": "96ddc7a8ac79dd0a46da261743da88bb6dd12aa2b58d620d41f8bae286efc927",
                "permissions": [
                  "FULL_CONTROL"
                ],
                "type": "CanonicalUser",
                "uri": ""
              }
            ],
            "hosted_zone_id": "Z7KQH4QJS55SO",
            "id": "ai-bigdata-nyc-tlc",
            "lifecycle_rule": [],
            "logging": [],
            "object_lock_configuration": [],
            "object_lock_enabled": false,
            "policy": "",
            "region": "sa-east-1",
            "replication_configuration": [],
            "request_payer": "BucketOwner",
            "server_side_encryption_configuration": [
              {
                "rule": [
                  {
                    "apply_server_side_encryption_by_default": [
                      {
                        "kms_master_key_id": "",
                        "sse_algorithm": "AES256"
                      }
                    ],
                    "bucket_key_enabled": false
                  }
                ]
              }
            ],
            "tags": null,
            "tags_all": {},
            "timeouts": null,
            "versioning": [
              {
                "enabled": false,
                "mfa_delete": false
              }
            ],
            "website": [],
            "website_domain": null,
            "website_endpoint": null
          },
          "sensitive_attributes": [],
          "identity_schema_version": 0,
          "private": "eyJlMmJmYjczMC1lY2FhLTExZTYtOGY4OC0zNDM2M2JjN2M0YzAiOnsiY3JlYXRlIjoxMjAwMDAwMDAwMDAwLCJkZWxldGUiOjM2MDAwMDAwMDAwMDAsInJlYWQiOjEyMDAwMDAwMDAwMDAsInVwZGF0ZSI6MTIwMDAwMDAwMDAwMH19"
        }
      ]
    },
    {
      "mode": "managed",
      "type": "aws_s3_bucket_public_access_block",
      "name": "block",
      "provider": "provider[\"registry.terraform.io/hashicorp/aws\"]",
      "instances": [
        {
          "schema_version": 0,
          "attributes": {
            "block_public_acls": true,
            "block_public_policy": true,
            "bucket": "ai-bigdata-nyc-tlc",
            "id": "ai-bigdata-nyc-tlc",
            "ignore_public_acls": true,
            "restrict_public_buckets": true
          },
          "sensitive_attributes": [],
          "identity_schema_version": 0,
          "private": "bnVsbA==",
          "dependencies": [
            "aws_s3_bucket.data_lake"
          ]
        }
      ]
    },
    {
      "mode": "managed",
      "type": "aws_s3_bucket_versioning",
      "name": "versioning",
      "provider": "provider[\"registry.terraform.io/hashicorp/aws\"]",
      "instances": [
        {
          "schema_version": 0,
          "attributes": {
            "bucket": "ai-bigdata-nyc-tlc",
            "expected_bucket_owner": "",
            "id": "ai-bigdata-nyc-tlc",
            "mfa": null,
            "versioning_configuration": [
              {
                "mfa_delete": "",
                "status": "Enabled"
              }
            ]
          },
          "sensitive_attributes": [],
          "identity_schema_version": 0,
          "private": "bnVsbA==",
          "dependencies": [
            "aws_s3_bucket.data_lake"
          ]
        }
      ]
    },
    {
      "mode": "managed",
      "type": "aws_s3_object",
      "name": "spark_script",
      "provider": "provider[\"registry.terraform.io/hashicorp/aws\"]",
      "instances": [
        {
          "schema_version": 0,
          "attributes": {
            "acl": null,
            "arn": "arn:aws:s3:::ai-bigdata-nyc-tlc/jobs/hvfhs_analytics.py",
            "bucket": "ai-bigdata-nyc-tlc",
            "bucket_key_enabled": false,
            "cache_control": "",
            "checksum_algorithm": null,
            "checksum_crc32": "",
            "checksum_crc32c": "",
            "checksum_crc64nvme": "",
            "checksum_sha1": "",
            "checksum_sha256": "",
            "content": null,
            "content_base64": null,
            "content_disposition": "",
            "content_encoding": "",
            "content_language": "",
            "content_type": "application/octet-stream",
            "etag": "32e75ef5c841c8dafee48da3455a27b1",
            "force_destroy": false,
            "id": "jobs/hvfhs_analytics.py",
            "key": "jobs/hvfhs_analytics.py",
            "kms_key_id": null,
            "metadata": null,
            "object_lock_legal_hold_status": "",
            "object_lock_mode": "",
            "object_lock_retain_until_date": "",
            "override_provider": [],
            "server_side_encryption": "AES256",
            "source": "./../spark_jobs/hvfhs_analytics.py",
            "source_hash": null,
            "storage_class": "STANDARD",
            "tags": null,
            "tags_all": {},
            "version_id": "",
            "website_redirect": ""
          },
          "sensitive_attributes": [],
          "identity_schema_version": 0,
          "private": "bnVsbA==",
          "dependencies": [
            "aws_s3_bucket.data_lake"
          ]
        }
      ]
    },
    {
      "mode": "managed",
      "type": "aws_sfn_state_machine",
      "name": "orchestrator",
      "provider": "provider[\"registry.terraform.io/hashicorp/aws\"]",
      "instances": [
        {
          "schema_version": 0,
          "attributes": {
            "arn": "arn:aws:states:sa-east-1:513879595067:stateMachine:ai-bigdata-orchestrator",
            "creation_date": "2026-03-06T01:15:38Z",
            "definition": "{\"Comment\":\"AI Big Data Orchestrator with EMR Serverless\",\"StartAt\":\"IngestData\",\"States\":{\"IngestData\":{\"Next\":\"RunSparkJob\",\"Parameters\":{\"FunctionName\":\"arn:aws:lambda:sa-east-1:513879595067:function:ai-bigdata-raw-ingestion\",\"Payload\":{}},\"Resource\":\"arn:aws:states:::lambda:invoke\",\"Retry\":[{\"BackoffRate\":2,\"ErrorEquals\":[\"States.ALL\"],\"IntervalSeconds\":10,\"MaxAttempts\":3}],\"Type\":\"Task\"},\"RunSparkJob\":{\"End\":true,\"Parameters\":{\"ApplicationId\":\"00g3u3hvpi72qn31\",\"ExecutionRoleArn\":\"arn:aws:iam::513879595067:role/ai-bigdata-emr-serverless-role\",\"JobDriver\":{\"SparkSubmit\":{\"EntryPoint\":\"s3://ai-bigdata-nyc-tlc/jobs/hvfhs_analytics.py\",\"EntryPointArguments\":[\"ai-bigdata-nyc-tlc\"],\"SparkSubmitParameters\":\"--conf spark.sql.shuffle.partitions=16 --conf spark.executor.memory=4g --conf spark.driver.memory=4g\"}}},\"Resource\":\"arn:aws:states:::emr-serverless:startJobRun.sync\",\"Retry\":[{\"BackoffRate\":1,\"ErrorEquals\":[\"States.ALL\"],\"IntervalSeconds\":30,\"MaxAttempts\":1}],\"Type\":\"Task\"}}}",
            "description": "",
            "encryption_configuration": [
              {
                "kms_data_key_reuse_period_seconds": 0,
                "kms_key_id": "",
                "type": "AWS_OWNED_KEY"
              }
            ],
            "id": "arn:aws:states:sa-east-1:513879595067:stateMachine:ai-bigdata-orchestrator",
            "logging_configuration": [
              {
                "include_execution_data": false,
                "level": "OFF",
                "log_destination": ""
              }
            ],
            "name": "ai-bigdata-orchestrator",
            "name_prefix": "",
            "publish": false,
            "revision_id": "",
            "role_arn": "arn:aws:iam::513879595067:role/ai-bigdata-stepfn-role",
            "state_machine_version_arn": "",
            "status": "ACTIVE",
            "tags": null,
            "tags_all": {},
            "timeouts": null,
            "tracing_configuration": [
              {
                "enabled": false
              }
            ],
            "type": "STANDARD",
            "version_description": null
          },
          "sensitive_attributes": [],
          "identity_schema_version": 0,
          "private": "eyJlMmJmYjczMC1lY2FhLTExZTYtOGY4OC0zNDM2M2JjN2M0YzAiOnsiY3JlYXRlIjozMDAwMDAwMDAwMDAsImRlbGV0ZSI6MzAwMDAwMDAwMDAwLCJ1cGRhdGUiOjYwMDAwMDAwMDAwfX0=",
          "dependencies": [
            "aws_emrserverless_application.spark_app",
            "aws_iam_policy.stepfn_policy",
            "aws_iam_role.emr_serverless_role",
            "aws_iam_role.lambda_role",
            "aws_iam_role.stepfn_role",
            "aws_iam_role_policy_attachment.stepfn_attach",
            "aws_lambda_function.data_ingestion",
            "aws_s3_bucket.data_lake",
            "data.archive_file.lambda_zip"
          ]
        }
      ]
    }
  ],
  "check_results": null
}
